{
  "name": "glitch-hello-react",
  "version": "0.0.5",
  "lockfileVersion": 1,
  "requires": true,
  "dependencies": {
    "@vitejs/plugin-react": {
      "version": "1.3.2",
      "requires": {
        "@babel/core": "^7.17.10",
        "@babel/plugin-transform-react-jsx": "^7.17.3",
        "@babel/plugin-transform-react-jsx-development": "^7.16.7",
        "@babel/plugin-transform-react-jsx-self": "^7.16.7",
        "@babel/plugin-transform-react-jsx-source": "^7.16.7",
        "@rollup/pluginutils": "^4.2.1",
        "react-refresh": "^0.13.0",
        "resolve": "^1.22.0"
      }
    },
    "bootstrap": {
      "version": "5.2.0-beta1",
      "resolved": "https://registry.npmjs.org/bootstrap/-/bootstrap-5.2.0-beta1.tgz",
      "integrity": "sha512-6qbgs177WZEFY4SLQUq3tEHayYG80nfDmyTpdKi0MJqRMdS+HAoq24+YKfx6wf+nHY0rx8zrh477J1lFu4WzOA=="
    },
    "clsx": {
      "version": "1.1.1",
      "resolved": "https://registry.npmjs.org/clsx/-/clsx-1.1.1.tgz",
      "integrity": "sha512-6/bPho624p3S2pMyvP5kKBPXnI3ufHLObBFCfgx+LkeR5lg2XYy2hqZqUf45ypD8COn2bhgGJSUE+l5dhNBieA=="
    },
    "react": {
      "version": "18.0.0",
      "requires": {
        "loose-envify": "^1.1.0"
      }
    },
    "react-dom": {
      "version": "18.0.0",
      "requires": {
        "loose-envify": "^1.1.0",
        "scheduler": "^0.21.0"
      }
    },
    "react-helmet-async": {
      "version": "1.3.0",
      "requires": {
        "@babel/runtime": "^7.12.5",
        "invariant": "^2.2.4",
        "prop-types": "^15.7.2",
        "react-fast-compare": "^3.2.0",
        "shallowequal": "^1.1.0"
      }
    },
    "react-router-dom": {
      "version": "6.3.0",
      "resolved": "https://registry.npmjs.org/react-router-dom/-/react-router-dom-6.3.0.tgz",
      "integrity": "sha512-uaJj7LKytRxZNQV8+RbzJWnJ8K2nPsOOEuX7aQstlMZKQT0164C+X2w6bnkqU3sjtLvpd5ojrezAyfZ1+0sStw==",
      "requires": {
        "history": "^5.2.0",
        "react-router": "6.3.0"
      },
      "dependencies": {
        "@babel/runtime": {
          "version": "7.18.3",
          "resolved": "https://registry.npmjs.org/@babel/runtime/-/runtime-7.18.3.tgz",
          "integrity": "sha512-38Y8f7YUhce/K7RMwTp7m0uCumpv9hZkitCbBClqQIow1qSbCvGkcegKOXpEWCQLfWmevgRiWokZ1GkpfhbZug==",
          "requires": {
            "regenerator-runtime": "^0.13.4"
          }
        },
        "history": {
          "version": "5.3.0",
          "resolved": "https://registry.npmjs.org/history/-/history-5.3.0.tgz",
          "integrity": "sha512-ZqaKwjjrAYUYfLG+htGaIIZ4nioX2L70ZUMIFysS3xvBsSG4x/n1V6TXV3N8ZYNuFGlDirFg32T7B6WOUPDYcQ==",
          "requires": {
            "@babel/runtime": "^7.7.6"
          }
        },
        "react-router": {
          "version": "6.3.0",
          "resolved": "https://registry.npmjs.org/react-router/-/react-router-6.3.0.tgz",
          "integrity": "sha512-7Wh1DzVQ+tlFjkeo+ujvjSqSJmkt1+8JO+T5xklPlgrh70y7ogx75ODRW0ThWhY7S+6yEDks8TYrtQe/aoboBQ==",
          "requires": {
            "history": "^5.2.0"
          }
        },
        "regenerator-runtime": {
          "version": "0.13.9",
          "resolved": "https://registry.npmjs.org/regenerator-runtime/-/regenerator-runtime-0.13.9.tgz",
          "integrity": "sha512-p3VT+cOEgxFsRRA9X4lkI1E+k2/CtnKtU4gcxyaCUreilL/vqI6CdZ3wxVUx3UOUg+gnUOQQcRI7BmSI656MYA=="
        }
      }
    },
    "react-spring": {
      "version": "9.4.5",
      "requires": {
        "@react-spring/core": "~9.4.5",
        "@react-spring/konva": "~9.4.5",
        "@react-spring/native": "~9.4.5",
        "@react-spring/three": "~9.4.5",
        "@react-spring/web": "~9.4.5",
        "@react-spring/zdog": "~9.4.5"
      }
    },
    "react-toastify": {
      "version": "9.0.1",
      "resolved": "https://registry.npmjs.org/react-toastify/-/react-toastify-9.0.1.tgz",
      "integrity": "sha512-c2zeZHkCX+WXuItS/JRqQ/8CH8Qm/je+M0rt09xe9fnu5YPJigtNOdD8zX4fwLA093V2am3abkGfOowwpkrwOQ==",
      "requires": {
        "clsx": "^1.1.1"
      }
    },
    "vite": {
      "version": "2.7.13",
      "dev": true,
      "requires": {
        "esbuild": "^0.13.12",
        "fsevents": "~2.3.2",
        "postcss": "^8.4.5",
        "resolve": "^1.20.0",
        "rollup": "^2.59.0"
      }
    },
    "wouter": {
      "version": "2.7.5"
    }
  }
}
